
Microsoft Visual Studio Solution File, Format Version 12.00
# Visual Studio Version 17
VisualStudioVersion = 17.14.36327.8 d17.14
MinimumVisualStudioVersion = 10.0.40219.1
Project("{FAE04EC0-301F-11D3-BF4B-00C04F79EFBC}") = "AdvertisingWebService", "AdvertisingWebService\AdvertisingWebService.csproj", "{6A43F1BC-77C2-4EFB-A9A1-7D6F324D7956}"
EndProject
Global
	GlobalSection(SolutionConfigurationPlatforms) = preSolution
		Debug|Any CPU = Debug|Any CPU
		Release|Any CPU = Release|Any CPU
	EndGlobalSection
	GlobalSection(ProjectConfigurationPlatforms) = postSolution
		{6A43F1BC-77C2-4EFB-A9A1-7D6F324D7956}.Debug|Any CPU.ActiveCfg = Debug|Any CPU
		{6A43F1BC-77C2-4EFB-A9A1-7D6F324D7956}.Debug|Any CPU.Build.0 = Debug|Any CPU
		{6A43F1BC-77C2-4EFB-A9A1-7D6F324D7956}.Release|Any CPU.ActiveCfg = Release|Any CPU
		{6A43F1BC-77C2-4EFB-A9A1-7D6F324D7956}.Release|Any CPU.Build.0 = Release|Any CPU
	EndGlobalSection
	GlobalSection(SolutionProperties) = preSolution
		HideSolutionNode = FALSE
	EndGlobalSection
	GlobalSection(ExtensibilityGlobals) = postSolution
		SolutionGuid = {02255A59-B8DB-43CF-8FA7-878258201AA1}
	EndGlobalSection
EndGlobal
